// !$*UTF8*$!
{
	archiveVersion = 1;
	classes = {
	};
	objectVersion = 46;
	objects = {

/* Begin PBXBuildFile section */
		999394381F10A41500A90D52 /* AppDelegate.swift in Sources */ = {isa = PBXBuildFile; fileRef = 999394371F10A41500A90D52 /* AppDelegate.swift */; };
		9993943A1F10A41500A90D52 /* ViewController.swift in Sources */ = {isa = PBXBuildFile; fileRef = 999394391F10A41500A90D52 /* ViewController.swift */; };
		9993943D1F10A41500A90D52 /* Main.storyboard in Resources */ = {isa = PBXBuildFile; fileRef = 9993943B1F10A41500A90D52 /* Main.storyboard */; };
		9993943F1F10A41500A90D52 /* Assets.xcassets in Resources */ = {isa = PBXBuildFile; fileRef = 9993943E1F10A41500A90D52 /* Assets.xcassets */; };
		999394421F10A41500A90D52 /* LaunchScreen.storyboard in Resources */ = {isa = PBXBuildFile; fileRef = 999394401F10A41500A90D52 /* LaunchScreen.storyboard */; };
		9993944D1F10A41500A90D52 /* onlineShopping1Tests.swift in Sources */ = {isa = PBXBuildFile; fileRef = 9993944C1F10A41500A90D52 /* onlineShopping1Tests.swift */; };
		999394581F10A41500A90D52 /* onlineShopping1UITests.swift in Sources */ = {isa = PBXBuildFile; fileRef = 999394571F10A41500A90D52 /* onlineShopping1UITests.swift */; };
		999394661F10ADA000A90D52 /* loginViewController.swift in Sources */ = {isa = PBXBuildFile; fileRef = 999394651F10ADA000A90D52 /* loginViewController.swift */; };
		999394681F10ADAE00A90D52 /* registerViewController.swift in Sources */ = {isa = PBXBuildFile; fileRef = 999394671F10ADAE00A90D52 /* registerViewController.swift */; };
		9993946A1F10ADC700A90D52 /* webViewController.swift in Sources */ = {isa = PBXBuildFile; fileRef = 999394691F10ADC700A90D52 /* webViewController.swift */; };
		999394701F10C6C800A90D52 /* findViewController.swift in Sources */ = {isa = PBXBuildFile; fileRef = 9993946F1F10C6C800A90D52 /* findViewController.swift */; };
/* End PBXBuildFile section */

/* Begin PBXContainerItemProxy section */
		999394491F10A41500A90D52 /* PBXContainerItemProxy */ = {
			isa = PBXContainerItemProxy;
			containerPortal = 9993942C1F10A41500A90D52 /* Project object */;
			proxyType = 1;
			remoteGlobalIDString = 999394331F10A41500A90D52;
			remoteInfo = onlineShopping1;
		};
		999394541F10A41500A90D52 /* PBXContainerItemProxy */ = {
			isa = PBXContainerItemProxy;
			containerPortal = 9993942C1F10A41500A90D52 /* Project object */;
			proxyType = 1;
			remoteGlobalIDString = 999394331F10A41500A90D52;
			remoteInfo = onlineShopping1;
		};
/* End PBXContainerItemProxy section */

/* Begin PBXFileReference section */
		999394341F10A41500A90D52 /* onlineShopping1.app */ = {isa = PBXFileReference; explicitFileType = wrapper.application; includeInIndex = 0; path = onlineShopping1.app; sourceTree = BUILT_PRODUCTS_DIR; };
		999394371F10A41500A90D52 /* AppDelegate.swift */ = {isa = PBXFileReference; lastKnownFileType = sourcecode.swift; path = AppDelegate.swift; sourceTree = "<group>"; };
		999394391F10A41500A90D52 /* ViewController.swift */ = {isa = PBXFileReference; lastKnownFileType = sourcecode.swift; path = ViewController.swift; sourceTree = "<group>"; };
		9993943C1F10A41500A90D52 /* Base */ = {isa = PBXFileReference; lastKnownFileType = file.storyboard; name = Base; path = Base.lproj/Main.storyboard; sourceTree = "<group>"; };
		9993943E1F10A41500A90D52 /* Assets.xcassets */ = {isa = PBXFileReference; lastKnownFileType = folder.assetcatalog; path = Assets.xcassets; sourceTree = "<group>"; };
		999394411F10A41500A90D52 /* Base */ = {isa = PBXFileReference; lastKnownFileType = file.storyboard; name = Base; path = Base.lproj/LaunchScreen.storyboard; sourceTree = "<group>"; };
		999394431F10A41500A90D52 /* Info.plist */ = {isa = PBXFileReference; lastKnownFileType = text.plist.xml; path = Info.plist; sourceTree = "<group>"; };
		999394481F10A41500A90D52 /* onlineShopping1Tests.xctest */ = {isa = PBXFileReference; explicitFileType = wrapper.cfbundle; includeInIndex = 0; path = onlineShopping1Tests.xctest; sourceTree = BUILT_PRODUCTS_DIR; };
		9993944C1F10A41500A90D52 /* onlineShopping1Tests.swift */ = {isa = PBXFileReference; lastKnownFileType = sourcecode.swift; path = onlineShopping1Tests.swift; sourceTree = "<group>"; };
		9993944E1F10A41500A90D52 /* Info.plist */ = {isa = PBXFileReference; lastKnownFileType = text.plist.xml; path = Info.plist; sourceTree = "<group>"; };
		999394531F10A41500A90D52 /* onlineShopping1UITests.xctest */ = {isa = PBXFileReference; explicitFileType = wrapper.cfbundle; includeInIndex = 0; path = onlineShopping1UITests.xctest; sourceTree = BUILT_PRODUCTS_DIR; };
		999394571F10A41500A90D52 /* onlineShopping1UITests.swift */ = {isa = PBXFileReference; lastKnownFileType = sourcecode.swift; path = onlineShopping1UITests.swift; sourceTree = "<group>"; };
		999394591F10A41500A90D52 /* Info.plist */ = {isa = PBXFileReference; lastKnownFileType = text.plist.xml; path = Info.plist; sourceTree = "<group>"; };
		999394651F10ADA000A90D52 /* loginViewController.swift */ = {isa = PBXFileReference; fileEncoding = 4; lastKnownFileType = sourcecode.swift; path = loginViewController.swift; sourceTree = "<group>"; };
		999394671F10ADAE00A90D52 /* registerViewController.swift */ = {isa = PBXFileReference; fileEncoding = 4; lastKnownFileType = sourcecode.swift; path = registerViewController.swift; sourceTree = "<group>"; };
		999394691F10ADC700A90D52 /* webViewController.swift */ = {isa = PBXFileReference; fileEncoding = 4; lastKnownFileType = sourcecode.swift; path = webViewController.swift; sourceTree = "<group>"; };
		9993946F1F10C6C800A90D52 /* findViewController.swift */ = {isa = PBXFileReference; fileEncoding = 4; lastKnownFileType = sourcecode.swift; path = findViewController.swift; sourceTree = "<group>"; };
/* End PBXFileReference section */

/* Begin PBXFrameworksBuildPhase section */
		999394311F10A41500A90D52 /* Frameworks */ = {
			isa = PBXFrameworksBuildPhase;
			buildActionMask = 2147483647;
			files = (
			);
			runOnlyForDeploymentPostprocessing = 0;
		};
		999394451F10A41500A90D52 /* Frameworks */ = {
			isa = PBXFrameworksBuildPhase;
			buildActionMask = 2147483647;
			files = (
			);
			runOnlyForDeploymentPostprocessing = 0;
		};
		999394501F10A41500A90D52 /* Frameworks */ = {
			isa = PBXFrameworksBuildPhase;
			buildActionMask = 2147483647;
			files = (
			);
			runOnlyForDeploymentPostprocessing = 0;
		};
/* End PBXFrameworksBuildPhase section */

/* Begin PBXGroup section */
		9993942B1F10A41500A90D52 = {
			isa = PBXGroup;
			children = (
				999394361F10A41500A90D52 /* onlineShopping1 */,
				9993944B1F10A41500A90D52 /* onlineShopping1Tests */,
				999394561F10A41500A90D52 /* onlineShopping1UITests */,
				999394351F10A41500A90D52 /* Products */,
			);
			sourceTree = "<group>";
		};
		999394351F10A41500A90D52 /* Products */ = {
			isa = PBXGroup;
			children = (
				999394341F10A41500A90D52 /* onlineShopping1.app */,
				999394481F10A41500A90D52 /* onlineShopping1Tests.xctest */,
				999394531F10A41500A90D52 /* onlineShopping1UITests.xctest */,
			);
			name = Products;
			sourceTree = "<group>";
		};
		999394361F10A41500A90D52 /* onlineShopping1 */ = {
			isa = PBXGroup;
			children = (
				999394371F10A41500A90D52 /* AppDelegate.swift */,
				999394391F10A41500A90D52 /* ViewController.swift */,
				9993943B1F10A41500A90D52 /* Main.storyboard */,
				9993943E1F10A41500A90D52 /* Assets.xcassets */,
				999394401F10A41500A90D52 /* LaunchScreen.storyboard */,
				999394431F10A41500A90D52 /* Info.plist */,
				999394651F10ADA000A90D52 /* loginViewController.swift */,
				999394671F10ADAE00A90D52 /* registerViewController.swift */,
				999394691F10ADC700A90D52 /* webViewController.swift */,
				9993946F1F10C6C800A90D52 /* findViewController.swift */,
			);
			path = onlineShopping1;
			sourceTree = "<group>";
		};
		9993944B1F10A41500A90D52 /* onlineShopping1Tests */ = {
			isa = PBXGroup;
			children = (
				9993944C1F10A41500A90D52 /* onlineShopping1Tests.swift */,
				9993944E1F10A41500A90D52 /* Info.plist */,
			);
			path = onlineShopping1Tests;
			sourceTree = "<group>";
		};
		999394561F10A41500A90D52 /* onlineShopping1UITests */ = {
			isa = PBXGroup;
			children = (
				999394571F10A41500A90D52 /* onlineShopping1UITests.swift */,
				999394591F10A41500A90D52 /* Info.plist */,
			);
			path = onlineShopping1UITests;
			sourceTree = "<group>";
		};
/* End PBXGroup section */

/* Begin PBXNativeTarget section */
		999394331F10A41500A90D52 /* onlineShopping1 */ = {
			isa = PBXNativeTarget;
			buildConfigurationList = 9993945C1F10A41500A90D52 /* Build configuration list for PBXNativeTarget "onlineShopping1" */;
			buildPhases = (
				999394301F10A41500A90D52 /* Sources */,
				999394311F10A41500A90D52 /* Frameworks */,
				999394321F10A41500A90D52 /* Resources */,
			);
			buildRules = (
			);
			dependencies = (
			);
			name = onlineShopping1;
			productName = onlineShopping1;
			productReference = 999394341F10A41500A90D52 /* onlineShopping1.app */;
			productType = "com.apple.product-type.application";
		};
		999394471F10A41500A90D52 /* onlineShopping1Tests */ = {
			isa = PBXNativeTarget;
			buildConfigurationList = 9993945F1F10A41500A90D52 /* Build configuration list for PBXNativeTarget "onlineShopping1Tests" */;
			buildPhases = (
				999394441F10A41500A90D52 /* Sources */,
				999394451F10A41500A90D52 /* Frameworks */,
				999394461F10A41500A90D52 /* Resources */,
			);
			buildRules = (
			);
			dependencies = (
				9993944A1F10A41500A90D52 /* PBXTargetDependency */,
			);
			name = onlineShopping1Tests;
			productName = onlineShopping1Tests;
			productReference = 999394481F10A41500A90D52 /* onlineShopping1Tests.xctest */;
			productType = "com.apple.product-type.bundle.unit-test";
		};
		999394521F10A41500A90D52 /* onlineShopping1UITests */ = {
			isa = PBXNativeTarget;
			buildConfigurationList = 999394621F10A41500A90D52 /* Build configuration list for PBXNativeTarget "onlineShopping1UITests" */;
			buildPhases = (
				9993944F1F10A41500A90D52 /* Sources */,
				999394501F10A41500A90D52 /* Frameworks */,
				999394511F10A41500A90D52 /* Resources */,
			);
			buildRules = (
			);
			dependencies = (
				999394551F10A41500A90D52 /* PBXTargetDependency */,
			);
			name = onlineShopping1UITests;
			productName = onlineShopping1UITests;
			productReference = 999394531F10A41500A90D52 /* onlineShopping1UITests.xctest */;
			productType = "com.apple.product-type.bundle.ui-testing";
		};
/* End PBXNativeTarget section */

/* Begin PBXProject section */
		9993942C1F10A41500A90D52 /* Project object */ = {
			isa = PBXProject;
			attributes = {
				LastSwiftUpdateCheck = 0820;
				LastUpgradeCheck = 0820;
				ORGANIZATIONNAME = Apple;
				TargetAttributes = {
					999394331F10A41500A90D52 = {
						CreatedOnToolsVersion = 8.2.1;
						ProvisioningStyle = Automatic;
					};
					999394471F10A41500A90D52 = {
						CreatedOnToolsVersion = 8.2.1;
						ProvisioningStyle = Automatic;
						TestTargetID = 999394331F10A41500A90D52;
					};
					999394521F10A41500A90D52 = {
						CreatedOnToolsVersion = 8.2.1;
						ProvisioningStyle = Automatic;
						TestTargetID = 999394331F10A41500A90D52;
					};
				};
			};
			buildConfigurationList = 9993942F1F10A41500A90D52 /* Build configuration list for PBXProject "onlineShopping1" */;
			compatibilityVersion = "Xcode 3.2";
			developmentRegion = English;
			hasScannedForEncodings = 0;
			knownRegions = (
				en,
				Base,
			);
			mainGroup = 9993942B1F10A41500A90D52;
			productRefGroup = 999394351F10A41500A90D52 /* Products */;
			projectDirPath = "";
			projectRoot = "";
			targets = (
				999394331F10A41500A90D52 /* onlineShopping1 */,
				999394471F10A41500A90D52 /* onlineShopping1Tests */,
				999394521F10A41500A90D52 /* onlineShopping1UITests */,
			);
		};
/* End PBXProject section */

/* Begin PBXResourcesBuildPhase section */
		999394321F10A41500A90D52 /* Resources */ = {
			isa = PBXResourcesBuildPhase;
			buildActionMask = 2147483647;
			files = (
				999394421F10A41500A90D52 /* LaunchScreen.storyboard in Resources */,
				9993943F1F10A41500A90D52 /* Assets.xcassets in Resources */,
				9993943D1F10A41500A90D52 /* Main.storyboard in Resources */,
			);
			runOnlyForDeploymentPostprocessing = 0;
		};
		999394461F10A41500A90D52 /* Resources */ = {
			isa = PBXResourcesBuildPhase;
			buildActionMask = 2147483647;
			files = (
			);
			runOnlyForDeploymentPostprocessing = 0;
		};
		999394511F10A41500A90D52 /* Resources */ = {
			isa = PBXResourcesBuildPhase;
			buildActionMask = 2147483647;
			files = (
			);
			runOnlyForDeploymentPostprocessing = 0;
		};
/* End PBXResourcesBuildPhase section */

/* Begin PBXSourcesBuildPhase section */
		999394301F10A41500A90D52 /* Sources */ = {
			isa = PBXSourcesBuildPhase;
			buildActionMask = 2147483647;
			files = (
				9993946A1F10ADC700A90D52 /* webViewController.swift in Sources */,
				999394701F10C6C800A90D52 /* findViewController.swift in Sources */,
				9993943A1F10A41500A90D52 /* ViewController.swift in Sources */,
				999394381F10A41500A90D52 /* AppDelegate.swift in Sources */,
				999394661F10ADA000A90D52 /* loginViewController.swift in Sources */,
				999394681F10ADAE00A90D52 /* registerViewController.swift in Sources */,
			);
			runOnlyForDeploymentPostprocessing = 0;
		};
		999394441F10A41500A90D52 /* Sources */ = {
			isa = PBXSourcesBuildPhase;
			buildActionMask = 2147483647;
			files = (
				9993944D1F10A41500A90D52 /* onlineShopping1Tests.swift in Sources */,
			);
			runOnlyForDeploymentPostprocessing = 0;
		};
		9993944F1F10A41500A90D52 /* Sources */ = {
			isa = PBXSourcesBuildPhase;
			buildActionMask = 2147483647;
			files = (
				999394581F10A41500A90D52 /* onlineShopping1UITests.swift in Sources */,
			);
			runOnlyForDeploymentPostprocessing = 0;
		};
/* End PBXSourcesBuildPhase section */

/* Begin PBXTargetDependency section */
		9993944A1F10A41500A90D52 /* PBXTargetDependency */ = {
			isa = PBXTargetDependency;
			target = 999394331F10A41500A90D52 /* onlineShopping1 */;
			targetProxy = 999394491F10A41500A90D52 /* PBXContainerItemProxy */;
		};
		999394551F10A41500A90D52 /* PBXTargetDependency */ = {
			isa = PBXTargetDependency;
			target = 999394331F10A41500A90D52 /* onlineShopping1 */;
			targetProxy = 999394541F10A41500A90D52 /* PBXContainerItemProxy */;
		};
/* End PBXTargetDependency section */

/* Begin PBXVariantGroup section */
		9993943B1F10A41500A90D52 /* Main.storyboard */ = {
			isa = PBXVariantGroup;
			children = (
				9993943C1F10A41500A90D52 /* Base */,
			);
			name = Main.storyboard;
			sourceTree = "<group>";
		};
		999394401F10A41500A90D52 /* LaunchScreen.storyboard */ = {
			isa = PBXVariantGroup;
			children = (
				999394411F10A41500A90D52 /* Base */,
			);
			name = LaunchScreen.storyboard;
			sourceTree = "<group>";
		};
/* End PBXVariantGroup section */

/* Begin XCBuildConfiguration section */
		9993945A1F10A41500A90D52 /* Debug */ = {
			isa = XCBuildConfiguration;
			buildSettings = {
				ALWAYS_SEARCH_USER_PATHS = NO;
				CLANG_ANALYZER_NONNULL = YES;
				CLANG_CXX_LANGUAGE_STANDARD = "gnu++0x";
				CLANG_CXX_LIBRARY = "libc++";
				CLANG_ENABLE_MODULES = YES;
				CLANG_ENABLE_OBJC_ARC = YES;
				CLANG_WARN_BOOL_CONVERSION = YES;
				CLANG_WARN_CONSTANT_CONVERSION = YES;
				CLANG_WARN_DIRECT_OBJC_ISA_USAGE = YES_ERROR;
				CLANG_WARN_DOCUMENTATION_COMMENTS = YES;
				CLANG_WARN_EMPTY_BODY = YES;
				CLANG_WARN_ENUM_CONVERSION = YES;
				CLANG_WARN_INFINITE_RECURSION = YES;
				CLANG_WARN_INT_CONVERSION = YES;
				CLANG_WARN_OBJC_ROOT_CLASS = YES_ERROR;
				CLANG_WARN_SUSPICIOUS_MOVE = YES;
				CLANG_WARN_UNREACHABLE_CODE = YES;
				CLANG_WARN__DUPLICATE_METHOD_MATCH = YES;
				"CODE_SIGN_IDENTITY[sdk=iphoneos*]" = "iPhone Developer";
				COPY_PHASE_STRIP = NO;
				DEBUG_INFORMATION_FORMAT = dwarf;
				ENABLE_STRICT_OBJC_MSGSEND = YES;
				ENABLE_TESTABILITY = YES;
				GCC_C_LANGUAGE_STANDARD = gnu99;
				GCC_DYNAMIC_NO_PIC = NO;
				GCC_NO_COMMON_BLOCKS = YES;
				GCC_OPTIMIZATION_LEVEL = 0;
				GCC_PREPROCESSOR_DEFINITIONS = (
					"DEBUG=1",
					"$(inherited)",
				);
				GCC_WARN_64_TO_32_BIT_CONVERSION = YES;
				GCC_WARN_ABOUT_RETURN_TYPE = YES_ERROR;
				GCC_WARN_UNDECLARED_SELECTOR = YES;
				GCC_WARN_UNINITIALIZED_AUTOS = YES_AGGRESSIVE;
				GCC_WARN_UNUSED_FUNCTION = YES;
				GCC_WARN_UNUSED_VARIABLE = YES;
				IPHONEOS_DEPLOYMENT_TARGET = 10.2;
				MTL_ENABLE_DEBUG_INFO = YES;
				ONLY_ACTIVE_ARCH = YES;
				SDKROOT = iphoneos;
				SWIFT_ACTIVE_COMPILATION_CONDITIONS = DEBUG;
				SWIFT_OPTIMIZATION_LEVEL = "-Onone";
			};
			name = Debug;
		};
		9993945B1F10A41500A90D52 /* Release */ = {
			isa = XCBuildConfiguration;
			buildSettings = {
				ALWAYS_SEARCH_USER_PATHS = NO;
				CLANG_ANALYZER_NONNULL = YES;
				CLANG_CXX_LANGUAGE_STANDARD = "gnu++0x";
				CLANG_CXX_LIBRARY = "libc++";
				CLANG_ENABLE_MODULES = YES;
				CLANG_ENABLE_OBJC_ARC = YES;
				CLANG_WARN_BOOL_CONVERSION = YES;
				CLANG_WARN_CONSTANT_CONVERSION = YES;
				CLANG_WARN_DIRECT_OBJC_ISA_USAGE = YES_ERROR;
				CLANG_WARN_DOCUMENTATION_COMMENTS = YES;
				CLANG_WARN_EMPTY_BODY = YES;
				CLANG_WARN_ENUM_CONVERSION = YES;
				CLANG_WARN_INFINITE_RECURSION = YES;
				CLANG_WARN_INT_CONVERSION = YES;
				CLANG_WARN_OBJC_ROOT_CLASS = YES_ERROR;
				CLANG_WARN_SUSPICIOUS_MOVE = YES;
				CLANG_WARN_UNREACHABLE_CODE = YES;
				CLANG_WARN__DUPLICATE_METHOD_MATCH = YES;
				"CODE_SIGN_IDENTITY[sdk=iphoneos*]" = "iPhone Developer";
				COPY_PHASE_STRIP = NO;
				DEBUG_INFORMATION_FORMAT = "dwarf-with-dsym";
				ENABLE_NS_ASSERTIONS = NO;
				ENABLE_STRICT_OBJC_MSGSEND = YES;
				GCC_C_LANGUAGE_STANDARD = gnu99;
				GCC_NO_COMMON_BLOCKS = YES;
				GCC_WARN_64_TO_32_BIT_CONVERSION = YES;
				GCC_WARN_ABOUT_RETURN_TYPE = YES_ERROR;
				GCC_WARN_UNDECLARED_SELECTOR = YES;
				GCC_WARN_UNINITIALIZED_AUTOS = YES_AGGRESSIVE;
				GCC_WARN_UNUSED_FUNCTION = YES;
				GCC_WARN_UNUSED_VARIABLE = YES;
				IPHONEOS_DEPLOYMENT_TARGET = 10.2;
				MTL_ENABLE_DEBUG_INFO = NO;
				SDKROOT = iphoneos;
				SWIFT_OPTIMIZATION_LEVEL = "-Owholemodule";
				VALIDATE_PRODUCT = YES;
			};
			name = Release;
		};
		9993945D1F10A41500A90D52 /* Debug */ = {
			isa = XCBuildConfiguration;
			buildSettings = {
				ASSETCATALOG_COMPILER_APPICON_NAME = AppIcon;
				INFOPLIST_FILE = onlineShopping1/Info.plist;
				LD_RUNPATH_SEARCH_PATHS = "$(inherited) @executable_path/Frameworks";
				PRODUCT_BUNDLE_IDENTIFIER = com.Apple.onlineShopping1;
				PRODUCT_NAME = "$(TARGET_NAME)";
				SWIFT_VERSION = 3.0;
			};
			name = Debug;
		};
		9993945E1F10A41500A90D52 /* Release */ = {
			isa = XCBuildConfiguration;
			buildSettings = {
				ASSETCATALOG_COMPILER_APPICON_NAME = AppIcon;
				INFOPLIST_FILE = onlineShopping1/Info.plist;
				LD_RUNPATH_SEARCH_PATHS = "$(inherited) @executable_path/Frameworks";
				PRODUCT_BUNDLE_IDENTIFIER = com.Apple.onlineShopping1;
				PRODUCT_NAME = "$(TARGET_NAME)";
				SWIFT_VERSION = 3.0;
			};
			name = Release;
		};
		999394601F10A41500A90D52 /* Debug */ = {
			isa = XCBuildConfiguration;
			buildSettings = {
				ALWAYS_EMBED_SWIFT_STANDARD_LIBRARIES = YES;
				BUNDLE_LOADER = "$(TEST_HOST)";
				INFOPLIST_FILE = onlineShopping1Tests/Info.plist;
				LD_RUNPATH_SEARCH_PATHS = "$(inherited) @executable_path/Frameworks @loader_path/Frameworks";
				PRODUCT_BUNDLE_IDENTIFIER = com.Apple.onlineShopping1Tests;
				PRODUCT_NAME = "$(TARGET_NAME)";
				SWIFT_VERSION = 3.0;
				TEST_HOST = "$(BUILT_PRODUCTS_DIR)/onlineShopping1.app/onlineShopping1";
			};
			name = Debug;
		};
		999394611F10A41500A90D52 /* Release */ = {
			isa = XCBuildConfiguration;
			buildSettings = {
				ALWAYS_EMBED_SWIFT_STANDARD_LIBRARIES = YES;
				BUNDLE_LOADER = "$(TEST_HOST)";
				INFOPLIST_FILE = onlineShopping1Tests/Info.plist;
				LD_RUNPATH_SEARCH_PATHS = "$(inherited) @executable_path/Frameworks @loader_path/Frameworks";
				PRODUCT_BUNDLE_IDENTIFIER = com.Apple.onlineShopping1Tests;
				PRODUCT_NAME = "$(TARGET_NAME)";
				SWIFT_VERSION = 3.0;
				TEST_HOST = "$(BUILT_PRODUCTS_DIR)/onlineShopping1.app/onlineShopping1";
			};
			name = Release;
		};
		999394631F10A41500A90D52 /* Debug */ = {
			isa = XCBuildConfiguration;
			buildSettings = {
				ALWAYS_EMBED_SWIFT_STANDARD_LIBRARIES = YES;
				INFOPLIST_FILE = onlineShopping1UITests/Info.plist;
				LD_RUNPATH_SEARCH_PATHS = "$(inherited) @executable_path/Frameworks @loader_path/Frameworks";
				PRODUCT_BUNDLE_IDENTIFIER = com.Apple.onlineShopping1UITests;
				PRODUCT_NAME = "$(TARGET_NAME)";
				SWIFT_VERSION = 3.0;
				TEST_TARGET_NAME = onlineShopping1;
			};
			name = Debug;
		};
		999394641F10A41500A90D52 /* Release */ = {
			isa = XCBuildConfiguration;
			buildSettings = {
				ALWAYS_EMBED_SWIFT_STANDARD_LIBRARIES = YES;
				INFOPLIST_FILE = onlineShopping1UITests/Info.plist;
				LD_RUNPATH_SEARCH_PATHS = "$(inherited) @executable_path/Frameworks @loader_path/Frameworks";
				PRODUCT_BUNDLE_IDENTIFIER = com.Apple.onlineShopping1UITests;
				PRODUCT_NAME = "$(TARGET_NAME)";
				SWIFT_VERSION = 3.0;
				TEST_TARGET_NAME = onlineShopping1;
			};
			name = Release;
		};
/* End XCBuildConfiguration section */

/* Begin XCConfigurationList section */
		9993942F1F10A41500A90D52 /* Build configuration list for PBXProject "onlineShopping1" */ = {
			isa = XCConfigurationList;
			buildConfigurations = (
				9993945A1F10A41500A90D52 /* Debug */,
				9993945B1F10A41500A90D52 /* Release */,
			);
			defaultConfigurationIsVisible = 0;
			defaultConfigurationName = Release;
		};
		9993945C1F10A41500A90D52 /* Build configuration list for PBXNativeTarget "onlineShopping1" */ = {
			isa = XCConfigurationList;
			buildConfigurations = (
				9993945D1F10A41500A90D52 /* Debug */,
				9993945E1F10A41500A90D52 /* Release */,
			);
			defaultConfigurationIsVisible = 0;
		};
		9993945F1F10A41500A90D52 /* Build configuration list for PBXNativeTarget "onlineShopping1Tests" */ = {
			isa = XCConfigurationList;
			buildConfigurations = (
				999394601F10A41500A90D52 /* Debug */,
				999394611F10A41500A90D52 /* Release */,
			);
			defaultConfigurationIsVisible = 0;
		};
		999394621F10A41500A90D52 /* Build configuration list for PBXNativeTarget "onlineShopping1UITests" */ = {
			isa = XCConfigurationList;
			buildConfigurations = (
				999394631F10A41500A90D52 /* Debug */,
				999394641F10A41500A90D52 /* Release */,
			);
			defaultConfigurationIsVisible = 0;
		};
/* End XCConfigurationList section */
	};
	rootObject = 9993942C1F10A41500A90D52 /* Project object */;
}
